# This file is generated by running "yarn install" inside your project.
# Manual changes might be lost - proceed with caution!

__metadata:
  version: 6
  cacheKey: 8

"@babel/runtime@npm:^7.21.0":
  version: 7.23.8
  resolution: "@babel/runtime@npm:7.23.8"
  dependencies:
    regenerator-runtime: ^0.14.0
  checksum: 0bd5543c26811153822a9f382fd39886f66825ff2a397a19008011376533747cd05c33a91f6248c0b8b0edf0448d7c167ebfba34786088f1b7eb11c65be7dfc3
  languageName: node
  linkType: hard

"@types/debug@npm:^4.0.0":
  version: 4.1.12
  resolution: "@types/debug@npm:4.1.12"
  dependencies:
    "@types/ms": "*"
  checksum: 47876a852de8240bfdaf7481357af2b88cb660d30c72e73789abf00c499d6bc7cd5e52f41c915d1b9cd8ec9fef5b05688d7b7aef17f7f272c2d04679508d1053
  languageName: node
  linkType: hard

"@types/estree-jsx@npm:^1.0.0":
  version: 1.0.5
  resolution: "@types/estree-jsx@npm:1.0.5"
  dependencies:
    "@types/estree": "*"
  checksum: a028ab0cd7b2950168a05c6a86026eb3a36a54a4adfae57f13911d7b49dffe573d9c2b28421b2d029b49b3d02fcd686611be2622dc3dad6d9791166c083f6008
  languageName: node
  linkType: hard

"@types/estree@npm:*, @types/estree@npm:^1.0.0":
  version: 1.0.5
  resolution: "@types/estree@npm:1.0.5"
  checksum: dd8b5bed28e6213b7acd0fb665a84e693554d850b0df423ac8076cc3ad5823a6bc26b0251d080bdc545af83179ede51dd3f6fa78cad2c46ed1f29624ddf3e41a
  languageName: node
  linkType: hard

"@types/hast@npm:^3.0.0":
  version: 3.0.4
  resolution: "@types/hast@npm:3.0.4"
  dependencies:
    "@types/unist": "*"
  checksum: 7a973e8d16fcdf3936090fa2280f408fb2b6a4f13b42edeb5fbd614efe042b82eac68e298e556d50f6b4ad585a3a93c353e9c826feccdc77af59de8dd400d044
  languageName: node
  linkType: hard

"@types/mdast@npm:^4.0.0":
  version: 4.0.3
  resolution: "@types/mdast@npm:4.0.3"
  dependencies:
    "@types/unist": "*"
  checksum: 345c5a22fccf05f35239ea6313ee4aaf6ebed5927c03ac79744abccb69b9ba5e692f9b771e36a012b79e17429082cada30f579e9c43b8a54e0ffb365431498b6
  languageName: node
  linkType: hard

"@types/ms@npm:*":
  version: 0.7.34
  resolution: "@types/ms@npm:0.7.34"
  checksum: f38d36e7b6edecd9badc9cf50474159e9da5fa6965a75186cceaf883278611b9df6669dc3a3cc122b7938d317b68a9e3d573d316fcb35d1be47ec9e468c6bd8a
  languageName: node
  linkType: hard

"@types/unist@npm:*, @types/unist@npm:^3.0.0":
  version: 3.0.2
  resolution: "@types/unist@npm:3.0.2"
  checksum: 3d04d0be69316e5f14599a0d993a208606c12818cf631fd399243d1dc7a9bd8a3917d6066baa6abc290814afbd744621484756803c80cba892c39cd4b4a85616
  languageName: node
  linkType: hard

"@types/unist@npm:^2.0.0":
  version: 2.0.10
  resolution: "@types/unist@npm:2.0.10"
  checksum: e2924e18dedf45f68a5c6ccd6015cd62f1643b1b43baac1854efa21ae9e70505db94290434a23da1137d9e31eb58e54ca175982005698ac37300a1c889f6c4aa
  languageName: node
  linkType: hard

"@ungap/structured-clone@npm:^1.0.0":
  version: 1.2.0
  resolution: "@ungap/structured-clone@npm:1.2.0"
  checksum: 4f656b7b4672f2ce6e272f2427d8b0824ed11546a601d8d5412b9d7704e83db38a8d9f402ecdf2b9063fc164af842ad0ec4a55819f621ed7e7ea4d1efcc74524
  languageName: node
  linkType: hard

"ansi-regex@npm:^5.0.1":
  version: 5.0.1
  resolution: "ansi-regex@npm:5.0.1"
  checksum: 2aa4bb54caf2d622f1afdad09441695af2a83aa3fe8b8afa581d205e57ed4261c183c4d3877cee25794443fde5876417d859c108078ab788d6af7e4fe52eb66b
  languageName: node
  linkType: hard

"ansi-styles@npm:^4.0.0, ansi-styles@npm:^4.1.0":
  version: 4.3.0
  resolution: "ansi-styles@npm:4.3.0"
  dependencies:
    color-convert: ^2.0.1
  checksum: 513b44c3b2105dd14cc42a19271e80f386466c4be574bccf60b627432f9198571ebf4ab1e4c3ba17347658f4ee1711c163d574248c0c1cdc2d5917a0ad582ec4
  languageName: node
  linkType: hard

"bail@npm:^2.0.0":
  version: 2.0.2
  resolution: "bail@npm:2.0.2"
  checksum: aab4e8ccdc8d762bf3fdfce8e706601695620c0c2eda256dd85088dc0be3cfd7ff126f6e99c2bee1f24f5d418414aacf09d7f9702f16d6963df2fa488cda8824
  languageName: node
  linkType: hard

"ccount@npm:^2.0.0":
  version: 2.0.1
  resolution: "ccount@npm:2.0.1"
  checksum: 48193dada54c9e260e0acf57fc16171a225305548f9ad20d5471e0f7a8c026aedd8747091dccb0d900cde7df4e4ddbd235df0d8de4a64c71b12f0d3303eeafd4
  languageName: node
  linkType: hard

"chalk@npm:^4.1.2":
  version: 4.1.2
  resolution: "chalk@npm:4.1.2"
  dependencies:
    ansi-styles: ^4.1.0
    supports-color: ^7.1.0
  checksum: fe75c9d5c76a7a98d45495b91b2172fa3b7a09e0cc9370e5c8feb1c567b85c4288e2b3fded7cfdd7359ac28d6b3844feb8b82b8686842e93d23c827c417e83fc
  languageName: node
  linkType: hard

"character-entities-html4@npm:^2.0.0":
  version: 2.1.0
  resolution: "character-entities-html4@npm:2.1.0"
  checksum: 7034aa7c7fa90309667f6dd50499c8a760c3d3a6fb159adb4e0bada0107d194551cdbad0714302f62d06ce4ed68565c8c2e15fdef2e8f8764eb63fa92b34b11d
  languageName: node
  linkType: hard

"character-entities-legacy@npm:^3.0.0":
  version: 3.0.0
  resolution: "character-entities-legacy@npm:3.0.0"
  checksum: 7582af055cb488b626d364b7d7a4e46b06abd526fb63c0e4eb35bcb9c9799cc4f76b39f34fdccef2d1174ac95e53e9ab355aae83227c1a2505877893fce77731
  languageName: node
  linkType: hard

"character-entities@npm:^2.0.0":
  version: 2.0.2
  resolution: "character-entities@npm:2.0.2"
  checksum: cf1643814023697f725e47328fcec17923b8f1799102a8a79c1514e894815651794a2bffd84bb1b3a4b124b050154e4529ed6e81f7c8068a734aecf07a6d3def
  languageName: node
  linkType: hard

"character-reference-invalid@npm:^2.0.0":
  version: 2.0.1
  resolution: "character-reference-invalid@npm:2.0.1"
  checksum: 98d3b1a52ae510b7329e6ee7f6210df14f1e318c5415975d4c9e7ee0ef4c07875d47c6e74230c64551f12f556b4a8ccc24d9f3691a2aa197019e72a95e9297ee
  languageName: node
  linkType: hard

"cliui@npm:^8.0.1":
  version: 8.0.1
  resolution: "cliui@npm:8.0.1"
  dependencies:
    string-width: ^4.2.0
    strip-ansi: ^6.0.1
    wrap-ansi: ^7.0.0
  checksum: 79648b3b0045f2e285b76fb2e24e207c6db44323581e421c3acbd0e86454cba1b37aea976ab50195a49e7384b871e6dfb2247ad7dec53c02454ac6497394cb56
  languageName: node
  linkType: hard

"color-convert@npm:^2.0.1":
  version: 2.0.1
  resolution: "color-convert@npm:2.0.1"
  dependencies:
    color-name: ~1.1.4
  checksum: 79e6bdb9fd479a205c71d89574fccfb22bd9053bd98c6c4d870d65c132e5e904e6034978e55b43d69fcaa7433af2016ee203ce76eeba9cfa554b373e7f7db336
  languageName: node
  linkType: hard

"color-name@npm:~1.1.4":
  version: 1.1.4
  resolution: "color-name@npm:1.1.4"
  checksum: b0445859521eb4021cd0fb0cc1a75cecf67fceecae89b63f62b201cca8d345baf8b952c966862a9d9a2632987d4f6581f0ec8d957dfacece86f0a7919316f610
  languageName: node
  linkType: hard

"comma-separated-tokens@npm:^2.0.0":
  version: 2.0.3
  resolution: "comma-separated-tokens@npm:2.0.3"
  checksum: e3bf9e0332a5c45f49b90e79bcdb4a7a85f28d6a6f0876a94f1bb9b2bfbdbbb9292aac50e1e742d8c0db1e62a0229a106f57917e2d067fca951d81737651700d
  languageName: node
  linkType: hard

"concurrently@npm:^8.2.2":
  version: 8.2.2
  resolution: "concurrently@npm:8.2.2"
  dependencies:
    chalk: ^4.1.2
    date-fns: ^2.30.0
    lodash: ^4.17.21
    rxjs: ^7.8.1
    shell-quote: ^1.8.1
    spawn-command: 0.0.2
    supports-color: ^8.1.1
    tree-kill: ^1.2.2
    yargs: ^17.7.2
  bin:
    conc: dist/bin/concurrently.js
    concurrently: dist/bin/concurrently.js
  checksum: 8ac774df06869773438f1bf91025180c52d5b53139bc86cf47659136c0d97461d0579c515d848d1e945d4e3e0cafe646b2ea18af8d74259b46abddcfe39b2c6c
  languageName: node
  linkType: hard

"date-fns@npm:^2.30.0":
  version: 2.30.0
  resolution: "date-fns@npm:2.30.0"
  dependencies:
    "@babel/runtime": ^7.21.0
  checksum: f7be01523282e9bb06c0cd2693d34f245247a29098527d4420628966a2d9aad154bd0e90a6b1cf66d37adcb769cd108cf8a7bd49d76db0fb119af5cdd13644f4
  languageName: node
  linkType: hard

"debug@npm:^4.0.0":
  version: 4.3.4
  resolution: "debug@npm:4.3.4"
  dependencies:
    ms: 2.1.2
  peerDependenciesMeta:
    supports-color:
      optional: true
  checksum: 3dbad3f94ea64f34431a9cbf0bafb61853eda57bff2880036153438f50fb5a84f27683ba0d8e5426bf41a8c6ff03879488120cf5b3a761e77953169c0600a708
  languageName: node
  linkType: hard

"decode-named-character-reference@npm:^1.0.0":
  version: 1.0.2
  resolution: "decode-named-character-reference@npm:1.0.2"
  dependencies:
    character-entities: ^2.0.0
  checksum: f4c71d3b93105f20076052f9cb1523a22a9c796b8296cd35eef1ca54239c78d182c136a848b83ff8da2071e3ae2b1d300bf29d00650a6d6e675438cc31b11d78
  languageName: node
  linkType: hard

"dequal@npm:^2.0.0":
  version: 2.0.3
  resolution: "dequal@npm:2.0.3"
  checksum: 8679b850e1a3d0ebbc46ee780d5df7b478c23f335887464023a631d1b9af051ad4a6595a44220f9ff8ff95a8ddccf019b5ad778a976fd7bbf77383d36f412f90
  languageName: node
  linkType: hard

"devlop@npm:^1.0.0, devlop@npm:^1.1.0":
  version: 1.1.0
  resolution: "devlop@npm:1.1.0"
  dependencies:
    dequal: ^2.0.0
  checksum: d2ff650bac0bb6ef08c48f3ba98640bb5fec5cce81e9957eb620408d1bab1204d382a45b785c6b3314dc867bb0684936b84c6867820da6db97cbb5d3c15dd185
  languageName: node
  linkType: hard

"emoji-regex@npm:^8.0.0":
  version: 8.0.0
  resolution: "emoji-regex@npm:8.0.0"
  checksum: d4c5c39d5a9868b5fa152f00cada8a936868fd3367f33f71be515ecee4c803132d11b31a6222b2571b1e5f7e13890156a94880345594d0ce7e3c9895f560f192
  languageName: node
  linkType: hard

"escalade@npm:^3.1.1":
  version: 3.1.1
  resolution: "escalade@npm:3.1.1"
  checksum: a3e2a99f07acb74b3ad4989c48ca0c3140f69f923e56d0cba0526240ee470b91010f9d39001f2a4a313841d237ede70a729e92125191ba5d21e74b106800b133
  languageName: node
  linkType: hard

"escape-string-regexp@npm:^5.0.0":
  version: 5.0.0
  resolution: "escape-string-regexp@npm:5.0.0"
  checksum: 20daabe197f3cb198ec28546deebcf24b3dbb1a5a269184381b3116d12f0532e06007f4bc8da25669d6a7f8efb68db0758df4cd981f57bc5b57f521a3e12c59e
  languageName: node
  linkType: hard

"estree-util-is-identifier-name@npm:^3.0.0":
  version: 3.0.0
  resolution: "estree-util-is-identifier-name@npm:3.0.0"
  checksum: ea3909f0188ea164af0aadeca87c087e3e5da78d76da5ae9c7954ff1340ea3e4679c4653bbf4299ffb70caa9b322218cc1128db2541f3d2976eb9704f9857787
  languageName: node
  linkType: hard

"extend@npm:^3.0.0":
  version: 3.0.2
  resolution: "extend@npm:3.0.2"
  checksum: a50a8309ca65ea5d426382ff09f33586527882cf532931cb08ca786ea3146c0553310bda688710ff61d7668eba9f96b923fe1420cdf56a2c3eaf30fcab87b515
  languageName: node
  linkType: hard

"get-caller-file@npm:^2.0.5":
  version: 2.0.5
  resolution: "get-caller-file@npm:2.0.5"
  checksum: b9769a836d2a98c3ee734a88ba712e62703f1df31b94b784762c433c27a386dd6029ff55c2a920c392e33657d80191edbf18c61487e198844844516f843496b9
  languageName: node
  linkType: hard

"has-flag@npm:^4.0.0":
  version: 4.0.0
  resolution: "has-flag@npm:4.0.0"
  checksum: 261a1357037ead75e338156b1f9452c016a37dcd3283a972a30d9e4a87441ba372c8b81f818cd0fbcd9c0354b4ae7e18b9e1afa1971164aef6d18c2b6095a8ad
  languageName: node
  linkType: hard

"hast-util-to-jsx-runtime@npm:^2.0.0":
  version: 2.3.0
  resolution: "hast-util-to-jsx-runtime@npm:2.3.0"
  dependencies:
    "@types/estree": ^1.0.0
    "@types/hast": ^3.0.0
    "@types/unist": ^3.0.0
    comma-separated-tokens: ^2.0.0
    devlop: ^1.0.0
    estree-util-is-identifier-name: ^3.0.0
    hast-util-whitespace: ^3.0.0
    mdast-util-mdx-expression: ^2.0.0
    mdast-util-mdx-jsx: ^3.0.0
    mdast-util-mdxjs-esm: ^2.0.0
    property-information: ^6.0.0
    space-separated-tokens: ^2.0.0
    style-to-object: ^1.0.0
    unist-util-position: ^5.0.0
    vfile-message: ^4.0.0
  checksum: 599a97c6ec61c1430776813d7fb42e6f96032bf4a04dfcbb8eceef3bc8d1845ecf242387a4426b9d3f52320dbbfa26450643b81124b3d6a0b9bbb0fff4d0ba83
  languageName: node
  linkType: hard

"hast-util-whitespace@npm:^3.0.0":
  version: 3.0.0
  resolution: "hast-util-whitespace@npm:3.0.0"
  dependencies:
    "@types/hast": ^3.0.0
  checksum: 41d93ccce218ba935dc3c12acdf586193c35069489c8c8f50c2aa824c00dec94a3c78b03d1db40fa75381942a189161922e4b7bca700b3a2cc779634c351a1e4
  languageName: node
  linkType: hard

"html-url-attributes@npm:^3.0.0":
  version: 3.0.0
  resolution: "html-url-attributes@npm:3.0.0"
  checksum: 9f499d33e6ddff6c2d2766fd73d2f22f3c370b4e485a92b0b2938303665b306dc7f36b2724c9466764e8f702351c01f342f5ec933be41a31c1fa40b72087b91d
  languageName: node
  linkType: hard

"inline-style-parser@npm:0.2.2":
  version: 0.2.2
  resolution: "inline-style-parser@npm:0.2.2"
  checksum: 698893d6542d4e7c0377936a1c7daec34a197765bd77c5599384756a95ce8804e6b79347b783aa591d5e9c6f3d33dae74c6d4cad3a94647eb05f3a785e927a3f
  languageName: node
  linkType: hard

"is-alphabetical@npm:^2.0.0":
  version: 2.0.1
  resolution: "is-alphabetical@npm:2.0.1"
  checksum: 56207db8d9de0850f0cd30f4966bf731eb82cedfe496cbc2e97e7c3bacaf66fc54a972d2d08c0d93bb679cb84976a05d24c5ad63de56fabbfc60aadae312edaa
  languageName: node
  linkType: hard

"is-alphanumerical@npm:^2.0.0":
  version: 2.0.1
  resolution: "is-alphanumerical@npm:2.0.1"
  dependencies:
    is-alphabetical: ^2.0.0
    is-decimal: ^2.0.0
  checksum: 87acc068008d4c9c4e9f5bd5e251041d42e7a50995c77b1499cf6ed248f971aadeddb11f239cabf09f7975ee58cac7a48ffc170b7890076d8d227b24a68663c9
  languageName: node
  linkType: hard

"is-decimal@npm:^2.0.0":
  version: 2.0.1
  resolution: "is-decimal@npm:2.0.1"
  checksum: 97132de7acdce77caa7b797632970a2ecd649a88e715db0e4dbc00ab0708b5e7574ba5903962c860cd4894a14fd12b100c0c4ac8aed445cf6f55c6cf747a4158
  languageName: node
  linkType: hard

"is-fullwidth-code-point@npm:^3.0.0":
  version: 3.0.0
  resolution: "is-fullwidth-code-point@npm:3.0.0"
  checksum: 44a30c29457c7fb8f00297bce733f0a64cd22eca270f83e58c105e0d015e45c019491a4ab2faef91ab51d4738c670daff901c799f6a700e27f7314029e99e348
  languageName: node
  linkType: hard

"is-hexadecimal@npm:^2.0.0":
  version: 2.0.1
  resolution: "is-hexadecimal@npm:2.0.1"
  checksum: 66a2ea85994c622858f063f23eda506db29d92b52580709eb6f4c19550552d4dcf3fb81952e52f7cf972097237959e00adc7bb8c9400cd12886e15bf06145321
  languageName: node
  linkType: hard

"is-plain-obj@npm:^4.0.0":
  version: 4.1.0
  resolution: "is-plain-obj@npm:4.1.0"
  checksum: 6dc45da70d04a81f35c9310971e78a6a3c7a63547ef782e3a07ee3674695081b6ca4e977fbb8efc48dae3375e0b34558d2bcd722aec9bddfa2d7db5b041be8ce
  languageName: node
  linkType: hard

"lodash@npm:^4.17.21":
  version: 4.17.21
  resolution: "lodash@npm:4.17.21"
  checksum: eb835a2e51d381e561e508ce932ea50a8e5a68f4ebdd771ea240d3048244a8d13658acbd502cd4829768c56f2e16bdd4340b9ea141297d472517b83868e677f7
  languageName: node
  linkType: hard

"longest-streak@npm:^3.0.0":
  version: 3.1.0
  resolution: "longest-streak@npm:3.1.0"
  checksum: d7f952ed004cbdb5c8bcfc4f7f5c3d65449e6c5a9e9be4505a656e3df5a57ee125f284286b4bf8ecea0c21a7b3bf2b8f9001ad506c319b9815ad6a63a47d0fd0
  languageName: node
  linkType: hard

"markdown-table@npm:^3.0.0":
  version: 3.0.3
  resolution: "markdown-table@npm:3.0.3"
  checksum: 8fcd3d9018311120fbb97115987f8b1665a603f3134c93fbecc5d1463380c8036f789e2a62c19432058829e594fff8db9ff81c88f83690b2f8ed6c074f8d9e10
  languageName: node
  linkType: hard

"mdast-util-find-and-replace@npm:^3.0.0":
  version: 3.0.1
  resolution: "mdast-util-find-and-replace@npm:3.0.1"
  dependencies:
    "@types/mdast": ^4.0.0
    escape-string-regexp: ^5.0.0
    unist-util-is: ^6.0.0
    unist-util-visit-parents: ^6.0.0
  checksum: 05d5c4ff02e31db2f8a685a13bcb6c3f44e040bd9dfa54c19a232af8de5268334c8755d79cb456ed4cced1300c4fb83e88444c7ae8ee9ff16869a580f29d08cd
  languageName: node
  linkType: hard

"mdast-util-from-markdown@npm:^2.0.0":
  version: 2.0.0
  resolution: "mdast-util-from-markdown@npm:2.0.0"
  dependencies:
    "@types/mdast": ^4.0.0
    "@types/unist": ^3.0.0
    decode-named-character-reference: ^1.0.0
    devlop: ^1.0.0
    mdast-util-to-string: ^4.0.0
    micromark: ^4.0.0
    micromark-util-decode-numeric-character-reference: ^2.0.0
    micromark-util-decode-string: ^2.0.0
    micromark-util-normalize-identifier: ^2.0.0
    micromark-util-symbol: ^2.0.0
    micromark-util-types: ^2.0.0
    unist-util-stringify-position: ^4.0.0
  checksum: 4e8d8a46b4b588486c41b80c39da333a91593bc8d60cd7421c6cd3c22003b8e5a62478292fb7bc97b9255b6301a2250cca32340ef43c309156e215453c5b92be
  languageName: node
  linkType: hard

"mdast-util-gfm-autolink-literal@npm:^2.0.0":
  version: 2.0.0
  resolution: "mdast-util-gfm-autolink-literal@npm:2.0.0"
  dependencies:
    "@types/mdast": ^4.0.0
    ccount: ^2.0.0
    devlop: ^1.0.0
    mdast-util-find-and-replace: ^3.0.0
    micromark-util-character: ^2.0.0
  checksum: 10322662e5302964bed7c9829c5fd3b0c9899d4f03e63fb8620ab141cf4f3de9e61fcb4b44d46aacc8a23f82bcd5d900980a211825dfe026b1dab5fdbc3e8742
  languageName: node
  linkType: hard

"mdast-util-gfm-footnote@npm:^2.0.0":
  version: 2.0.0
  resolution: "mdast-util-gfm-footnote@npm:2.0.0"
  dependencies:
    "@types/mdast": ^4.0.0
    devlop: ^1.1.0
    mdast-util-from-markdown: ^2.0.0
    mdast-util-to-markdown: ^2.0.0
    micromark-util-normalize-identifier: ^2.0.0
  checksum: 45d26b40e7a093712e023105791129d76e164e2168d5268e113298a22de30c018162683fb7893cdc04ab246dac0087eed708b2a136d1d18ed2b32b3e0cae4a79
  languageName: node
  linkType: hard

"mdast-util-gfm-strikethrough@npm:^2.0.0":
  version: 2.0.0
  resolution: "mdast-util-gfm-strikethrough@npm:2.0.0"
  dependencies:
    "@types/mdast": ^4.0.0
    mdast-util-from-markdown: ^2.0.0
    mdast-util-to-markdown: ^2.0.0
  checksum: fe9b1d0eba9b791ff9001c008744eafe3dd7a81b085f2bf521595ce4a8e8b1b44764ad9361761ad4533af3e5d913d8ad053abec38172031d9ee32a8ebd1c7dbd
  languageName: node
  linkType: hard

"mdast-util-gfm-table@npm:^2.0.0":
  version: 2.0.0
  resolution: "mdast-util-gfm-table@npm:2.0.0"
  dependencies:
    "@types/mdast": ^4.0.0
    devlop: ^1.0.0
    markdown-table: ^3.0.0
    mdast-util-from-markdown: ^2.0.0
    mdast-util-to-markdown: ^2.0.0
  checksum: 063a627fd0993548fd63ca0c24c437baf91ba7d51d0a38820bd459bc20bf3d13d7365ef8d28dca99176dd5eb26058f7dde51190479c186dfe6af2e11202957c9
  languageName: node
  linkType: hard

"mdast-util-gfm-task-list-item@npm:^2.0.0":
  version: 2.0.0
  resolution: "mdast-util-gfm-task-list-item@npm:2.0.0"
  dependencies:
    "@types/mdast": ^4.0.0
    devlop: ^1.0.0
    mdast-util-from-markdown: ^2.0.0
    mdast-util-to-markdown: ^2.0.0
  checksum: 37db90c59b15330fc54d790404abf5ef9f2f83e8961c53666fe7de4aab8dd5e6b3c296b6be19797456711a89a27840291d8871ff0438e9b4e15c89d170efe072
  languageName: node
  linkType: hard

"mdast-util-gfm@npm:^3.0.0":
  version: 3.0.0
  resolution: "mdast-util-gfm@npm:3.0.0"
  dependencies:
    mdast-util-from-markdown: ^2.0.0
    mdast-util-gfm-autolink-literal: ^2.0.0
    mdast-util-gfm-footnote: ^2.0.0
    mdast-util-gfm-strikethrough: ^2.0.0
    mdast-util-gfm-table: ^2.0.0
    mdast-util-gfm-task-list-item: ^2.0.0
    mdast-util-to-markdown: ^2.0.0
  checksum: 62039d2f682ae3821ea1c999454863d31faf94d67eb9b746589c7e136076d7fb35fabc67e02f025c7c26fd7919331a0ee1aabfae24f565d9a6a9ebab3371c626
  languageName: node
  linkType: hard

"mdast-util-mdx-expression@npm:^2.0.0":
  version: 2.0.0
  resolution: "mdast-util-mdx-expression@npm:2.0.0"
  dependencies:
    "@types/estree-jsx": ^1.0.0
    "@types/hast": ^3.0.0
    "@types/mdast": ^4.0.0
    devlop: ^1.0.0
    mdast-util-from-markdown: ^2.0.0
    mdast-util-to-markdown: ^2.0.0
  checksum: 4e1183000e183e07a7264e192889b4fd57372806103031c71b9318967f85fd50a5dd0f92ef14f42c331e77410808f5de3341d7bc8ad4ee91b7fa8f0a30043a8a
  languageName: node
  linkType: hard

"mdast-util-mdx-jsx@npm:^3.0.0":
  version: 3.1.1
  resolution: "mdast-util-mdx-jsx@npm:3.1.1"
  dependencies:
    "@types/estree-jsx": ^1.0.0
    "@types/hast": ^3.0.0
    "@types/mdast": ^4.0.0
    "@types/unist": ^3.0.0
    ccount: ^2.0.0
    devlop: ^1.1.0
    mdast-util-from-markdown: ^2.0.0
    mdast-util-to-markdown: ^2.0.0
    parse-entities: ^4.0.0
    stringify-entities: ^4.0.0
    unist-util-remove-position: ^5.0.0
    unist-util-stringify-position: ^4.0.0
    vfile-message: ^4.0.0
  checksum: 29cad51f37226babe6a8f4be09b1a0c9653a39a8937a7cfe0a8dd81e7ee7b89da5a608fde7b264e0c0937f4414b5493edc49b6fd2c2048274ca610a3b48e6481
  languageName: node
  linkType: hard

"mdast-util-mdxjs-esm@npm:^2.0.0":
  version: 2.0.1
  resolution: "mdast-util-mdxjs-esm@npm:2.0.1"
  dependencies:
    "@types/estree-jsx": ^1.0.0
    "@types/hast": ^3.0.0
    "@types/mdast": ^4.0.0
    devlop: ^1.0.0
    mdast-util-from-markdown: ^2.0.0
    mdast-util-to-markdown: ^2.0.0
  checksum: 1f9dad04d31d59005332e9157ea9510dc1d03092aadbc607a10475c7eec1c158b475aa0601a3a4f74e13097ca735deb8c2d9d37928ddef25d3029fd7c9e14dc3
  languageName: node
  linkType: hard

"mdast-util-phrasing@npm:^4.0.0":
  version: 4.1.0
  resolution: "mdast-util-phrasing@npm:4.1.0"
  dependencies:
    "@types/mdast": ^4.0.0
    unist-util-is: ^6.0.0
  checksum: 3a97533e8ad104a422f8bebb34b3dde4f17167b8ed3a721cf9263c7416bd3447d2364e6d012a594aada40cac9e949db28a060bb71a982231693609034ed5324e
  languageName: node
  linkType: hard

"mdast-util-to-hast@npm:^13.0.0":
  version: 13.1.0
  resolution: "mdast-util-to-hast@npm:13.1.0"
  dependencies:
    "@types/hast": ^3.0.0
    "@types/mdast": ^4.0.0
    "@ungap/structured-clone": ^1.0.0
    devlop: ^1.0.0
    micromark-util-sanitize-uri: ^2.0.0
    trim-lines: ^3.0.0
    unist-util-position: ^5.0.0
    unist-util-visit: ^5.0.0
    vfile: ^6.0.0
  checksum: 640bc897286af8fe760cd477fb04bbf544a5a897cdc2220ce36fe2f892f067b483334610387aeb969511bd78a2d841a54851079cd676ac513d6a5ff75852514e
  languageName: node
  linkType: hard

"mdast-util-to-markdown@npm:^2.0.0":
  version: 2.1.0
  resolution: "mdast-util-to-markdown@npm:2.1.0"
  dependencies:
    "@types/mdast": ^4.0.0
    "@types/unist": ^3.0.0
    longest-streak: ^3.0.0
    mdast-util-phrasing: ^4.0.0
    mdast-util-to-string: ^4.0.0
    micromark-util-decode-string: ^2.0.0
    unist-util-visit: ^5.0.0
    zwitch: ^2.0.0
  checksum: 3a2cf3957e23b34e2e092e6e76ae72ee0b8745955bd811baba6814cf3a3d916c3fd52264b4b58f3bb3d512a428f84a1e998b6fc7e28434e388a9ae8fb6a9c173
  languageName: node
  linkType: hard

"mdast-util-to-string@npm:^4.0.0":
  version: 4.0.0
  resolution: "mdast-util-to-string@npm:4.0.0"
  dependencies:
    "@types/mdast": ^4.0.0
  checksum: 35489fb5710d58cbc2d6c8b6547df161a3f81e0f28f320dfb3548a9393555daf07c310c0c497708e67ed4dfea4a06e5655799e7d631ca91420c288b4525d6c29
  languageName: node
  linkType: hard

"micromark-core-commonmark@npm:^2.0.0":
  version: 2.0.0
  resolution: "micromark-core-commonmark@npm:2.0.0"
  dependencies:
    decode-named-character-reference: ^1.0.0
    devlop: ^1.0.0
    micromark-factory-destination: ^2.0.0
    micromark-factory-label: ^2.0.0
    micromark-factory-space: ^2.0.0
    micromark-factory-title: ^2.0.0
    micromark-factory-whitespace: ^2.0.0
    micromark-util-character: ^2.0.0
    micromark-util-chunked: ^2.0.0
    micromark-util-classify-character: ^2.0.0
    micromark-util-html-tag-name: ^2.0.0
    micromark-util-normalize-identifier: ^2.0.0
    micromark-util-resolve-all: ^2.0.0
    micromark-util-subtokenize: ^2.0.0
    micromark-util-symbol: ^2.0.0
    micromark-util-types: ^2.0.0
  checksum: 9c12fb580cf4ce71f60872043bd2794efe129f44d7b2b73afa155bbc0a66b7bc35655ba8cef438a6bd068441837ed3b6dc6ad7e5a18f815462c1750793e03a42
  languageName: node
  linkType: hard

"micromark-extension-gfm-autolink-literal@npm:^2.0.0":
  version: 2.0.0
  resolution: "micromark-extension-gfm-autolink-literal@npm:2.0.0"
  dependencies:
    micromark-util-character: ^2.0.0
    micromark-util-sanitize-uri: ^2.0.0
    micromark-util-symbol: ^2.0.0
    micromark-util-types: ^2.0.0
  checksum: fa16d59528239262d6d04d539a052baf1f81275954ec8bfadea40d81bfc25667d5c8e68b225a5358626df5e30a3933173a67fdad2fed011d37810a10b770b0b2
  languageName: node
  linkType: hard

"micromark-extension-gfm-footnote@npm:^2.0.0":
  version: 2.0.0
  resolution: "micromark-extension-gfm-footnote@npm:2.0.0"
  dependencies:
    devlop: ^1.0.0
    micromark-core-commonmark: ^2.0.0
    micromark-factory-space: ^2.0.0
    micromark-util-character: ^2.0.0
    micromark-util-normalize-identifier: ^2.0.0
    micromark-util-sanitize-uri: ^2.0.0
    micromark-util-symbol: ^2.0.0
    micromark-util-types: ^2.0.0
  checksum: a426fddecfac6144fc622b845cd2dc09d46faa75be5b76ff022cb76a03301b1d4929a5e5e41e071491787936be65e03d0b03c7aebc0e0136b3cdbfadadd6632c
  languageName: node
  linkType: hard

"micromark-extension-gfm-strikethrough@npm:^2.0.0":
  version: 2.0.0
  resolution: "micromark-extension-gfm-strikethrough@npm:2.0.0"
  dependencies:
    devlop: ^1.0.0
    micromark-util-chunked: ^2.0.0
    micromark-util-classify-character: ^2.0.0
    micromark-util-resolve-all: ^2.0.0
    micromark-util-symbol: ^2.0.0
    micromark-util-types: ^2.0.0
  checksum: 4e35fbbf364bfce08066b70acd94b9d393a8fd09a5afbe0bae70d0c8a174640b1ba86ab6b78ee38f411a813e2a718b07959216cf0063d823ba1c569a7694e5ad
  languageName: node
  linkType: hard

"micromark-extension-gfm-table@npm:^2.0.0":
  version: 2.0.0
  resolution: "micromark-extension-gfm-table@npm:2.0.0"
  dependencies:
    devlop: ^1.0.0
    micromark-factory-space: ^2.0.0
    micromark-util-character: ^2.0.0
    micromark-util-symbol: ^2.0.0
    micromark-util-types: ^2.0.0
  checksum: 71484dcf8db7b189da0528f472cc81e4d6d1a64ae43bbe7fcb7e2e1dba758a0a4f785f9f1afb9459fe5b4a02bbe023d78c95c05204414a14083052eb8219e5eb
  languageName: node
  linkType: hard

"micromark-extension-gfm-tagfilter@npm:^2.0.0":
  version: 2.0.0
  resolution: "micromark-extension-gfm-tagfilter@npm:2.0.0"
  dependencies:
    micromark-util-types: ^2.0.0
  checksum: cf21552f4a63592bfd6c96ae5d64a5f22bda4e77814e3f0501bfe80e7a49378ad140f827007f36044666f176b3a0d5fea7c2e8e7973ce4b4579b77789f01ae95
  languageName: node
  linkType: hard

"micromark-extension-gfm-task-list-item@npm:^2.0.0":
  version: 2.0.1
  resolution: "micromark-extension-gfm-task-list-item@npm:2.0.1"
  dependencies:
    devlop: ^1.0.0
    micromark-factory-space: ^2.0.0
    micromark-util-character: ^2.0.0
    micromark-util-symbol: ^2.0.0
    micromark-util-types: ^2.0.0
  checksum: 80e569ab1a1d1f89d86af91482e9629e24b7e3f019c9d7989190f36a9367c6de723b2af48e908c1b73479f35b2215d3d38c1fdbf02ab01eb2fc90a59d1cf4465
  languageName: node
  linkType: hard

"micromark-extension-gfm@npm:^3.0.0":
  version: 3.0.0
  resolution: "micromark-extension-gfm@npm:3.0.0"
  dependencies:
    micromark-extension-gfm-autolink-literal: ^2.0.0
    micromark-extension-gfm-footnote: ^2.0.0
    micromark-extension-gfm-strikethrough: ^2.0.0
    micromark-extension-gfm-table: ^2.0.0
    micromark-extension-gfm-tagfilter: ^2.0.0
    micromark-extension-gfm-task-list-item: ^2.0.0
    micromark-util-combine-extensions: ^2.0.0
    micromark-util-types: ^2.0.0
  checksum: 2060fa62666a09532d6b3a272d413bc1b25bbb262f921d7402795ac021e1362c8913727e33d7528d5b4ccaf26922ec51208c43f795a702964817bc986de886c9
  languageName: node
  linkType: hard

"micromark-factory-destination@npm:^2.0.0":
  version: 2.0.0
  resolution: "micromark-factory-destination@npm:2.0.0"
  dependencies:
    micromark-util-character: ^2.0.0
    micromark-util-symbol: ^2.0.0
    micromark-util-types: ^2.0.0
  checksum: d36e65ed1c072ff4148b016783148ba7c68a078991154625723e24bda3945160268fb91079fb28618e1613c2b6e70390a8ddc544c45410288aa27b413593071a
  languageName: node
  linkType: hard

"micromark-factory-label@npm:^2.0.0":
  version: 2.0.0
  resolution: "micromark-factory-label@npm:2.0.0"
  dependencies:
    devlop: ^1.0.0
    micromark-util-character: ^2.0.0
    micromark-util-symbol: ^2.0.0
    micromark-util-types: ^2.0.0
  checksum: c021dbd0ed367610d35f2bae21209bc804d1a6d1286ffce458fd6a717f4d7fe581a7cba7d5c2d7a63757c44eb927c80d6a571d6ea7969fae1b48ab6461d109c4
  languageName: node
  linkType: hard

"micromark-factory-space@npm:^2.0.0":
  version: 2.0.0
  resolution: "micromark-factory-space@npm:2.0.0"
  dependencies:
    micromark-util-character: ^2.0.0
    micromark-util-types: ^2.0.0
  checksum: 4ffdcdc2f759887bbb356500cb460b3915ecddcb5d85c3618d7df68ad05d13ed02b1153ee1845677b7d8126df8f388288b84fcf0d943bd9c92bcc71cd7222e37
  languageName: node
  linkType: hard

"micromark-factory-title@npm:^2.0.0":
  version: 2.0.0
  resolution: "micromark-factory-title@npm:2.0.0"
  dependencies:
    micromark-factory-space: ^2.0.0
    micromark-util-character: ^2.0.0
    micromark-util-symbol: ^2.0.0
    micromark-util-types: ^2.0.0
  checksum: 39e1ac23af3554e6e652e56065579bc7faf21ade7b8704b29c175871b4152b7109b790bb3cae0f7e088381139c6bac9553b8400772c3d322e4fa635f813a3578
  languageName: node
  linkType: hard

"micromark-factory-whitespace@npm:^2.0.0":
  version: 2.0.0
  resolution: "micromark-factory-whitespace@npm:2.0.0"
  dependencies:
    micromark-factory-space: ^2.0.0
    micromark-util-character: ^2.0.0
    micromark-util-symbol: ^2.0.0
    micromark-util-types: ^2.0.0
  checksum: 9587c2546d1a58b4d5472b42adf05463f6212d0449455285662d63cd8eaed89c6b159ac82713fcee5f9dd88628c24307d9533cccd8971a2f3f4d48702f8f850a
  languageName: node
  linkType: hard

"micromark-util-character@npm:^2.0.0":
  version: 2.1.0
  resolution: "micromark-util-character@npm:2.1.0"
  dependencies:
    micromark-util-symbol: ^2.0.0
    micromark-util-types: ^2.0.0
  checksum: 36ee910f84077cf16626fa618cfe46ac25956b3242e3166b8e8e98c5a8c524af7e5bf3d70822264b1fd2d297a36104a7eb7e3462c19c28353eaca7b0d8717594
  languageName: node
  linkType: hard

"micromark-util-chunked@npm:^2.0.0":
  version: 2.0.0
  resolution: "micromark-util-chunked@npm:2.0.0"
  dependencies:
    micromark-util-symbol: ^2.0.0
  checksum: 324f95cccdae061332a8241936eaba6ef0782a1e355bac5c607ad2564fd3744929be7dc81651315a2921535747a33243e6a5606bcb64b7a56d49b6d74ea1a3d4
  languageName: node
  linkType: hard

"micromark-util-classify-character@npm:^2.0.0":
  version: 2.0.0
  resolution: "micromark-util-classify-character@npm:2.0.0"
  dependencies:
    micromark-util-character: ^2.0.0
    micromark-util-symbol: ^2.0.0
    micromark-util-types: ^2.0.0
  checksum: 086e52904deffebb793fb1c08c94aabb8901f76958142dfc3a6282890ebaa983b285e69bd602b9d507f1b758ed38e75a994d2ad9fbbefa7de2584f67a16af405
  languageName: node
  linkType: hard

"micromark-util-combine-extensions@npm:^2.0.0":
  version: 2.0.0
  resolution: "micromark-util-combine-extensions@npm:2.0.0"
  dependencies:
    micromark-util-chunked: ^2.0.0
    micromark-util-types: ^2.0.0
  checksum: 107c47700343f365b4ed81551e18bc3458b573c500e56ac052b2490bd548adc475216e41d2271633a8867fac66fc22ba3e0a2d74a31ed79b9870ca947eb4e3ba
  languageName: node
  linkType: hard

"micromark-util-decode-numeric-character-reference@npm:^2.0.0":
  version: 2.0.1
  resolution: "micromark-util-decode-numeric-character-reference@npm:2.0.1"
  dependencies:
    micromark-util-symbol: ^2.0.0
  checksum: 9512507722efd2033a9f08715eeef787fbfe27e23edf55db21423d46d82ab46f76c89b4f960be3f5e50a2d388d89658afc0647989cf256d051e9ea01277a1adb
  languageName: node
  linkType: hard

"micromark-util-decode-string@npm:^2.0.0":
  version: 2.0.0
  resolution: "micromark-util-decode-string@npm:2.0.0"
  dependencies:
    decode-named-character-reference: ^1.0.0
    micromark-util-character: ^2.0.0
    micromark-util-decode-numeric-character-reference: ^2.0.0
    micromark-util-symbol: ^2.0.0
  checksum: a75daf32a4a6b549e9f19b4d833ebfeb09a32a9a1f9ce50f35dec6b6a3e4f9f121f49024ba7f9c91c55ebe792f7c7a332fc9604795181b6a612637df0df5b959
  languageName: node
  linkType: hard

"micromark-util-encode@npm:^2.0.0":
  version: 2.0.0
  resolution: "micromark-util-encode@npm:2.0.0"
  checksum: 853a3f33fce72aaf4ffa60b7f2b6fcfca40b270b3466e1b96561b02185d2bd8c01dd7948bc31a24ac014f4cc854e545ca9a8e9cf7ea46262f9d24c9e88551c66
  languageName: node
  linkType: hard

"micromark-util-html-tag-name@npm:^2.0.0":
  version: 2.0.0
  resolution: "micromark-util-html-tag-name@npm:2.0.0"
  checksum: d786d4486f93eb0ac5b628779809ca97c5dc60f3c9fc03eb565809831db181cf8cb7f05f9ac76852f3eb35461af0f89fa407b46f3a03f4f97a96754d8dc540d8
  languageName: node
  linkType: hard

"micromark-util-normalize-identifier@npm:^2.0.0":
  version: 2.0.0
  resolution: "micromark-util-normalize-identifier@npm:2.0.0"
  dependencies:
    micromark-util-symbol: ^2.0.0
  checksum: b36da2d3fd102053dadd953ce5c558328df12a63a8ac0e5aad13d4dda8e43b6a5d4a661baafe0a1cd8a260bead4b4a8e6e0e74193dd651e8484225bd4f4e68aa
  languageName: node
  linkType: hard

"micromark-util-resolve-all@npm:^2.0.0":
  version: 2.0.0
  resolution: "micromark-util-resolve-all@npm:2.0.0"
  dependencies:
    micromark-util-types: ^2.0.0
  checksum: 31fe703b85572cb3f598ebe32750e59516925c7ff1f66cfe6afaebe0771a395a9eaa770787f2523d3c46082ea80e6c14f83643303740b3d650af7c96ebd30ccc
  languageName: node
  linkType: hard

"micromark-util-sanitize-uri@npm:^2.0.0":
  version: 2.0.0
  resolution: "micromark-util-sanitize-uri@npm:2.0.0"
  dependencies:
    micromark-util-character: ^2.0.0
    micromark-util-encode: ^2.0.0
    micromark-util-symbol: ^2.0.0
  checksum: ea4c28bbffcf2430e9aff2d18554296789a8b0a1f54ac24020d1dde76624a7f93e8f2a83e88cd5a846b6d2c4287b71b1142d1b89fa7f1b0363a9b33711a141fe
  languageName: node
  linkType: hard

"micromark-util-subtokenize@npm:^2.0.0":
  version: 2.0.0
  resolution: "micromark-util-subtokenize@npm:2.0.0"
  dependencies:
    devlop: ^1.0.0
    micromark-util-chunked: ^2.0.0
    micromark-util-symbol: ^2.0.0
    micromark-util-types: ^2.0.0
  checksum: 77d9c7d59c05a20468d49ce2a3640e9cb268c083ccad02322f26c84e1094c25b44f4b8139ef0a247ca11a4fef7620c5bf82fbffd98acdb2989e79cbe7bd8f1db
  languageName: node
  linkType: hard

"micromark-util-symbol@npm:^2.0.0":
  version: 2.0.0
  resolution: "micromark-util-symbol@npm:2.0.0"
  checksum: fa4a05bff575d9fbf0ad96a1013003e3bb6087ed6b34b609a141b6c0d2137b57df594aca409a95f4c5fda199f227b56a7d8b1f82cea0768df161d8a3a3660764
  languageName: node
  linkType: hard

"micromark-util-types@npm:^2.0.0":
  version: 2.0.0
  resolution: "micromark-util-types@npm:2.0.0"
  checksum: 819fef3ab5770c37893d2a60381fb2694396c8d22803b6e103c830c3a1bc1490363c2b0470bb2acaaddad776dfbc2fc1fcfde39cb63c4f54d95121611672e3d0
  languageName: node
  linkType: hard

"micromark@npm:^4.0.0":
  version: 4.0.0
  resolution: "micromark@npm:4.0.0"
  dependencies:
    "@types/debug": ^4.0.0
    debug: ^4.0.0
    decode-named-character-reference: ^1.0.0
    devlop: ^1.0.0
    micromark-core-commonmark: ^2.0.0
    micromark-factory-space: ^2.0.0
    micromark-util-character: ^2.0.0
    micromark-util-chunked: ^2.0.0
    micromark-util-combine-extensions: ^2.0.0
    micromark-util-decode-numeric-character-reference: ^2.0.0
    micromark-util-encode: ^2.0.0
    micromark-util-normalize-identifier: ^2.0.0
    micromark-util-resolve-all: ^2.0.0
    micromark-util-sanitize-uri: ^2.0.0
    micromark-util-subtokenize: ^2.0.0
    micromark-util-symbol: ^2.0.0
    micromark-util-types: ^2.0.0
  checksum: b84ab5ab1a0b28c063c52e9c2c9d7d44b954507235c10c9492d66e0b38f7de24bf298f914a1fbdf109f2a57a88cf0412de217c84cfac5fd60e3e42a74dbac085
  languageName: node
  linkType: hard

"ms@npm:2.1.2":
  version: 2.1.2
  resolution: "ms@npm:2.1.2"
  checksum: 673cdb2c3133eb050c745908d8ce632ed2c02d85640e2edb3ace856a2266a813b30c613569bf3354fdf4ea7d1a1494add3bfa95e2713baa27d0c2c71fc44f58f
  languageName: node
  linkType: hard

"parse-entities@npm:^4.0.0":
  version: 4.0.1
  resolution: "parse-entities@npm:4.0.1"
  dependencies:
    "@types/unist": ^2.0.0
    character-entities: ^2.0.0
    character-entities-legacy: ^3.0.0
    character-reference-invalid: ^2.0.0
    decode-named-character-reference: ^1.0.0
    is-alphanumerical: ^2.0.0
    is-decimal: ^2.0.0
    is-hexadecimal: ^2.0.0
  checksum: 32a6ff5b9acb9d2c4d71537308521fd265e685b9215691df73feedd9edfe041bb6da9f89bd0c35c4a2bc7d58e3e76e399bb6078c2fd7d2a343ff1dd46edbf1bd
  languageName: node
  linkType: hard

"property-information@npm:^6.0.0":
  version: 6.4.1
  resolution: "property-information@npm:6.4.1"
  checksum: d9eece5f14b6fea9e6a1fa65fba88554956a58825eb9a5c8327bffee06bcc265117eaeae901871e8e8a5caec8d5e05ce39ab6872d5cef3b49a6f07815b6ef285
  languageName: node
  linkType: hard

"react-markdown@npm:^9.0.1":
  version: 9.0.1
  resolution: "react-markdown@npm:9.0.1"
  dependencies:
    "@types/hast": ^3.0.0
    devlop: ^1.0.0
    hast-util-to-jsx-runtime: ^2.0.0
    html-url-attributes: ^3.0.0
    mdast-util-to-hast: ^13.0.0
    remark-parse: ^11.0.0
    remark-rehype: ^11.0.0
    unified: ^11.0.0
    unist-util-visit: ^5.0.0
    vfile: ^6.0.0
  peerDependencies:
    "@types/react": ">=18"
    react: ">=18"
  checksum: ca1daa650d48b84a5a9771683cdb3f3d2d418247ce0faf73ede3207c65f2a21cdebb9df37afda67f6fc8f0f0a7b9ce00eb239781954a4d6c7ad88ea4df068add
  languageName: node
  linkType: hard

"regenerator-runtime@npm:^0.14.0":
  version: 0.14.1
  resolution: "regenerator-runtime@npm:0.14.1"
  checksum: 9f57c93277b5585d3c83b0cf76be47b473ae8c6d9142a46ce8b0291a04bb2cf902059f0f8445dcabb3fb7378e5fe4bb4ea1e008876343d42e46d3b484534ce38
  languageName: node
  linkType: hard

"remark-gfm@npm:^4.0.0":
  version: 4.0.0
  resolution: "remark-gfm@npm:4.0.0"
  dependencies:
    "@types/mdast": ^4.0.0
    mdast-util-gfm: ^3.0.0
    micromark-extension-gfm: ^3.0.0
    remark-parse: ^11.0.0
    remark-stringify: ^11.0.0
    unified: ^11.0.0
  checksum: 84bea84e388061fbbb697b4b666089f5c328aa04d19dc544c229b607446bc10902e46b67b9594415a1017bbbd7c811c1f0c30d36682c6d1a6718b66a1558261b
  languageName: node
  linkType: hard

"remark-parse@npm:^11.0.0":
  version: 11.0.0
  resolution: "remark-parse@npm:11.0.0"
  dependencies:
    "@types/mdast": ^4.0.0
    mdast-util-from-markdown: ^2.0.0
    micromark-util-types: ^2.0.0
    unified: ^11.0.0
  checksum: d83d245290fa84bb04fb3e78111f09c74f7417e7c012a64dd8dc04fccc3699036d828fbd8eeec8944f774b6c30cc1d925c98f8c46495ebcee7c595496342ab7f
  languageName: node
  linkType: hard

"remark-rehype@npm:^11.0.0, remark-rehype@npm:^11.1.0":
  version: 11.1.0
  resolution: "remark-rehype@npm:11.1.0"
  dependencies:
    "@types/hast": ^3.0.0
    "@types/mdast": ^4.0.0
    mdast-util-to-hast: ^13.0.0
    unified: ^11.0.0
    vfile: ^6.0.0
  checksum: f0c731f0ab92a122e7f9c9bcbd10d6a31fdb99f0ea3595d232ddd9f9d11a308c4ec0aff4d56e1d0d256042dfad7df23b9941e50b5038da29786959a5926814e1
  languageName: node
  linkType: hard

"remark-stringify@npm:^11.0.0":
  version: 11.0.0
  resolution: "remark-stringify@npm:11.0.0"
  dependencies:
    "@types/mdast": ^4.0.0
    mdast-util-to-markdown: ^2.0.0
    unified: ^11.0.0
  checksum: 59e07460eb629d6c3b3c0f438b0b236e7e6858fd5ab770303078f5a556ec00354d9c7fb9ef6d5f745a4617ac7da1ab618b170fbb4dac120e183fecd9cc86bce6
  languageName: node
  linkType: hard

"require-directory@npm:^2.1.1":
  version: 2.1.1
  resolution: "require-directory@npm:2.1.1"
  checksum: fb47e70bf0001fdeabdc0429d431863e9475e7e43ea5f94ad86503d918423c1543361cc5166d713eaa7029dd7a3d34775af04764bebff99ef413111a5af18c80
  languageName: node
  linkType: hard

"root-workspace-0b6124@workspace:.":
  version: 0.0.0-use.local
  resolution: "root-workspace-0b6124@workspace:."
  dependencies:
    concurrently: ^8.2.2
    react-markdown: ^9.0.1
    remark-gfm: ^4.0.0
    remark-rehype: ^11.1.0
  languageName: unknown
  linkType: soft

"rxjs@npm:^7.8.1":
  version: 7.8.1
  resolution: "rxjs@npm:7.8.1"
  dependencies:
    tslib: ^2.1.0
  checksum: de4b53db1063e618ec2eca0f7965d9137cabe98cf6be9272efe6c86b47c17b987383df8574861bcced18ebd590764125a901d5506082be84a8b8e364bf05f119
  languageName: node
  linkType: hard

"shell-quote@npm:^1.8.1":
  version: 1.8.1
  resolution: "shell-quote@npm:1.8.1"
  checksum: 5f01201f4ef504d4c6a9d0d283fa17075f6770bfbe4c5850b074974c68062f37929ca61700d95ad2ac8822e14e8c4b990ca0e6e9272e64befd74ce5e19f0736b
  languageName: node
  linkType: hard

"space-separated-tokens@npm:^2.0.0":
  version: 2.0.2
  resolution: "space-separated-tokens@npm:2.0.2"
  checksum: 202e97d7ca1ba0758a0aa4fe226ff98142073bcceeff2da3aad037968878552c3bbce3b3231970025375bbba5aee00c5b8206eda408da837ab2dc9c0f26be990
  languageName: node
  linkType: hard

"spawn-command@npm:0.0.2":
  version: 0.0.2
  resolution: "spawn-command@npm:0.0.2"
  checksum: e35c5d28177b4d461d33c88cc11f6f3a5079e2b132c11e1746453bbb7a0c0b8a634f07541a2a234fa4758239d88203b758def509161b651e81958894c0b4b64b
  languageName: node
  linkType: hard

"string-width@npm:^4.1.0, string-width@npm:^4.2.0, string-width@npm:^4.2.3":
  version: 4.2.3
  resolution: "string-width@npm:4.2.3"
  dependencies:
    emoji-regex: ^8.0.0
    is-fullwidth-code-point: ^3.0.0
    strip-ansi: ^6.0.1
  checksum: e52c10dc3fbfcd6c3a15f159f54a90024241d0f149cf8aed2982a2d801d2e64df0bf1dc351cf8e95c3319323f9f220c16e740b06faecd53e2462df1d2b5443fb
  languageName: node
  linkType: hard

"stringify-entities@npm:^4.0.0":
  version: 4.0.3
  resolution: "stringify-entities@npm:4.0.3"
  dependencies:
    character-entities-html4: ^2.0.0
    character-entities-legacy: ^3.0.0
  checksum: 59e8f523b403bf7d415690e72ae52982decd6ea5426bd8b3f5c66225ddde73e766c0c0d91627df082d0794e30b19dd907ffb5864cef3602e4098d6777d7ca3c2
  languageName: node
  linkType: hard

"strip-ansi@npm:^6.0.0, strip-ansi@npm:^6.0.1":
  version: 6.0.1
  resolution: "strip-ansi@npm:6.0.1"
  dependencies:
    ansi-regex: ^5.0.1
  checksum: f3cd25890aef3ba6e1a74e20896c21a46f482e93df4a06567cebf2b57edabb15133f1f94e57434e0a958d61186087b1008e89c94875d019910a213181a14fc8c
  languageName: node
  linkType: hard

"style-to-object@npm:^1.0.0":
  version: 1.0.5
  resolution: "style-to-object@npm:1.0.5"
  dependencies:
    inline-style-parser: 0.2.2
  checksum: 6201063204b6a94645f81b189452b2ca3e63d61867ec48523f4d52609c81e96176739fa12020d97fbbf023efb57a6f7ec3a15fb3a7fb7eb3ffea0b52b9dd6b8c
  languageName: node
  linkType: hard

"supports-color@npm:^7.1.0":
  version: 7.2.0
  resolution: "supports-color@npm:7.2.0"
  dependencies:
    has-flag: ^4.0.0
  checksum: 3dda818de06ebbe5b9653e07842d9479f3555ebc77e9a0280caf5a14fb877ffee9ed57007c3b78f5a6324b8dbeec648d9e97a24e2ed9fdb81ddc69ea07100f4a
  languageName: node
  linkType: hard

"supports-color@npm:^8.1.1":
  version: 8.1.1
  resolution: "supports-color@npm:8.1.1"
  dependencies:
    has-flag: ^4.0.0
  checksum: c052193a7e43c6cdc741eb7f378df605636e01ad434badf7324f17fb60c69a880d8d8fcdcb562cf94c2350e57b937d7425ab5b8326c67c2adc48f7c87c1db406
  languageName: node
  linkType: hard

"tree-kill@npm:^1.2.2":
  version: 1.2.2
  resolution: "tree-kill@npm:1.2.2"
  bin:
    tree-kill: cli.js
  checksum: 49117f5f410d19c84b0464d29afb9642c863bc5ba40fcb9a245d474c6d5cc64d1b177a6e6713129eb346b40aebb9d4631d967517f9fbe8251c35b21b13cd96c7
  languageName: node
  linkType: hard

"trim-lines@npm:^3.0.0":
  version: 3.0.1
  resolution: "trim-lines@npm:3.0.1"
  checksum: e241da104682a0e0d807222cc1496b92e716af4db7a002f4aeff33ae6a0024fef93165d49eab11aa07c71e1347c42d46563f91dfaa4d3fb945aa535cdead53ed
  languageName: node
  linkType: hard

"trough@npm:^2.0.0":
  version: 2.2.0
  resolution: "trough@npm:2.2.0"
  checksum: 6097df63169aca1f9b08c263b1b501a9b878387f46e161dde93f6d0bba7febba93c95f876a293c5ea370f6cb03bcb687b2488c8955c3cfb66c2c0161ea8c00f6
  languageName: node
  linkType: hard

"tslib@npm:^2.1.0":
  version: 2.6.2
  resolution: "tslib@npm:2.6.2"
  checksum: 329ea56123005922f39642318e3d1f0f8265d1e7fcb92c633e0809521da75eeaca28d2cf96d7248229deb40e5c19adf408259f4b9640afd20d13aecc1430f3ad
  languageName: node
  linkType: hard

"unified@npm:^11.0.0":
  version: 11.0.4
  resolution: "unified@npm:11.0.4"
  dependencies:
    "@types/unist": ^3.0.0
    bail: ^2.0.0
    devlop: ^1.0.0
    extend: ^3.0.0
    is-plain-obj: ^4.0.0
    trough: ^2.0.0
    vfile: ^6.0.0
  checksum: cfb023913480ac2bd5e787ffb8c27782c43e6be4a55f8f1c288233fce46a7ebe7718ccc5adb80bf8d56b7ef85f5fc32239c7bfccda006f9f2382e0cc2e2a77e4
  languageName: node
  linkType: hard

"unist-util-is@npm:^6.0.0":
  version: 6.0.0
  resolution: "unist-util-is@npm:6.0.0"
  dependencies:
    "@types/unist": ^3.0.0
  checksum: f630a925126594af9993b091cf807b86811371e465b5049a6283e08537d3e6ba0f7e248e1e7dab52cfe33f9002606acef093441137181b327f6fe504884b20e2
  languageName: node
  linkType: hard

"unist-util-position@npm:^5.0.0":
  version: 5.0.0
  resolution: "unist-util-position@npm:5.0.0"
  dependencies:
    "@types/unist": ^3.0.0
  checksum: f89b27989b19f07878de9579cd8db2aa0194c8360db69e2c99bd2124a480d79c08f04b73a64daf01a8fb3af7cba65ff4b45a0b978ca243226084ad5f5d441dde
  languageName: node
  linkType: hard

"unist-util-remove-position@npm:^5.0.0":
  version: 5.0.0
  resolution: "unist-util-remove-position@npm:5.0.0"
  dependencies:
    "@types/unist": ^3.0.0
    unist-util-visit: ^5.0.0
  checksum: 8aabdb9d0e3e744141bc123d8f87b90835d521209ad3c6c4619d403b324537152f0b8f20dda839b40c3aa0abfbf1828b3635a7a8bb159c3ed469e743023510ee
  languageName: node
  linkType: hard

"unist-util-stringify-position@npm:^4.0.0":
  version: 4.0.0
  resolution: "unist-util-stringify-position@npm:4.0.0"
  dependencies:
    "@types/unist": ^3.0.0
  checksum: e2e7aee4b92ddb64d314b4ac89eef7a46e4c829cbd3ee4aee516d100772b490eb6b4974f653ba0717a0071ca6ea0770bf22b0a2ea62c65fcba1d071285e96324
  languageName: node
  linkType: hard

"unist-util-visit-parents@npm:^6.0.0":
  version: 6.0.1
  resolution: "unist-util-visit-parents@npm:6.0.1"
  dependencies:
    "@types/unist": ^3.0.0
    unist-util-is: ^6.0.0
  checksum: 08927647c579f63b91aafcbec9966dc4a7d0af1e5e26fc69f4e3e6a01215084835a2321b06f3cbe7bf7914a852830fc1439f0fc3d7153d8804ac3ef851ddfa20
  languageName: node
  linkType: hard

"unist-util-visit@npm:^5.0.0":
  version: 5.0.0
  resolution: "unist-util-visit@npm:5.0.0"
  dependencies:
    "@types/unist": ^3.0.0
    unist-util-is: ^6.0.0
    unist-util-visit-parents: ^6.0.0
  checksum: 9ec42e618e7e5d0202f3c191cd30791b51641285732767ee2e6bcd035931032e3c1b29093f4d7fd0c79175bbc1f26f24f26ee49770d32be76f8730a652a857e6
  languageName: node
  linkType: hard

"vfile-message@npm:^4.0.0":
  version: 4.0.2
  resolution: "vfile-message@npm:4.0.2"
  dependencies:
    "@types/unist": ^3.0.0
    unist-util-stringify-position: ^4.0.0
  checksum: 964e7e119f4c0e0270fc269119c41c96da20afa01acb7c9809a88365c8e0c64aa692fafbd952669382b978002ecd7ad31ef4446d85e8a22cdb62f6df20186c2d
  languageName: node
  linkType: hard

"vfile@npm:^6.0.0":
  version: 6.0.1
  resolution: "vfile@npm:6.0.1"
  dependencies:
    "@types/unist": ^3.0.0
    unist-util-stringify-position: ^4.0.0
    vfile-message: ^4.0.0
  checksum: 05ccee73aeb00402bc8a5d0708af299e9f4a33f5132805449099295085e3ca3b0d018328bad9ff44cf2e6f4cd364f1d558d3fb9b394243a25b2739207edcb0ed
  languageName: node
  linkType: hard

"wrap-ansi@npm:^7.0.0":
  version: 7.0.0
  resolution: "wrap-ansi@npm:7.0.0"
  dependencies:
    ansi-styles: ^4.0.0
    string-width: ^4.1.0
    strip-ansi: ^6.0.0
  checksum: a790b846fd4505de962ba728a21aaeda189b8ee1c7568ca5e817d85930e06ef8d1689d49dbf0e881e8ef84436af3a88bc49115c2e2788d841ff1b8b5b51a608b
  languageName: node
  linkType: hard

"y18n@npm:^5.0.5":
  version: 5.0.8
  resolution: "y18n@npm:5.0.8"
  checksum: 54f0fb95621ee60898a38c572c515659e51cc9d9f787fb109cef6fde4befbe1c4602dc999d30110feee37456ad0f1660fa2edcfde6a9a740f86a290999550d30
  languageName: node
  linkType: hard

"yargs-parser@npm:^21.1.1":
  version: 21.1.1
  resolution: "yargs-parser@npm:21.1.1"
  checksum: ed2d96a616a9e3e1cc7d204c62ecc61f7aaab633dcbfab2c6df50f7f87b393993fe6640d017759fe112d0cb1e0119f2b4150a87305cc873fd90831c6a58ccf1c
  languageName: node
  linkType: hard

"yargs@npm:^17.7.2":
  version: 17.7.2
  resolution: "yargs@npm:17.7.2"
  dependencies:
    cliui: ^8.0.1
    escalade: ^3.1.1
    get-caller-file: ^2.0.5
    require-directory: ^2.1.1
    string-width: ^4.2.3
    y18n: ^5.0.5
    yargs-parser: ^21.1.1
  checksum: 73b572e863aa4a8cbef323dd911d79d193b772defd5a51aab0aca2d446655216f5002c42c5306033968193bdbf892a7a4c110b0d77954a7fdf563e653967b56a
  languageName: node
  linkType: hard

"zwitch@npm:^2.0.0":
  version: 2.0.4
  resolution: "zwitch@npm:2.0.4"
  checksum: f22ec5fc2d5f02c423c93d35cdfa83573a3a3bd98c66b927c368ea4d0e7252a500df2a90a6b45522be536a96a73404393c958e945fdba95e6832c200791702b6
  languageName: node
  linkType: hard
